
Microsoft Visual Studio Solution File, Format Version 12.00
# Visual Studio Version 16
VisualStudioVersion = 16.0.29409.12
MinimumVisualStudioVersion = 10.0.40219.1
Project("{888888A0-9F3D-457C-B088-3A5042F75D52}") = "asc_trigger", "asc_trigger.pyproj", "{050854C6-E037-49E7-B108-9AEA6485B03C}"
EndProject
Global
	GlobalSection(SolutionConfigurationPlatforms) = preSolution
		Debug|Any CPU = Debug|Any CPU
		Release|Any CPU = Release|Any CPU
	EndGlobalSection
	GlobalSection(ProjectConfigurationPlatforms) = postSolution
		{050854C6-E037-49E7-B108-9AEA6485B03C}.Debug|Any CPU.ActiveCfg = Debug|Any CPU
		{050854C6-E037-49E7-B108-9AEA6485B03C}.Release|Any CPU.ActiveCfg = Release|Any CPU
	EndGlobalSection
	GlobalSection(SolutionProperties) = preSolution
		HideSolutionNode = FALSE
	EndGlobalSection
	GlobalSection(ExtensibilityGlobals) = postSolution
		SolutionGuid = {7C6DC36D-B2E4-4C45-9CA5-755EADF88340}
	EndGlobalSection
EndGlobal
